
Microsoft Visual Studio Solution File, Format Version 12.00
# Visual Studio Version 17
VisualStudioVersion = 17.0.31903.59
MinimumVisualStudioVersion = 10.0.40219.1
Project("{2150E333-8FDC-42A3-9474-1A3956D46DE8}") = "src", "src", "{A1ECFF25-7216-4FB8-9A15-583AF05F6A65}"
EndProject
Project("{FAE04EC0-301F-11D3-BF4B-00C04F79EFBC}") = "UpdateKit.Core", "src\UpdateKit.Core\UpdateKit.Core.csproj", "{DCF5C945-DB79-40BE-9792-92FC31DF2DCC}"
EndProject
Project("{FAE04EC0-301F-11D3-BF4B-00C04F79EFBC}") = "UpdateKit.WinForms", "src\UpdateKit.WinForms\UpdateKit.WinForms.csproj", "{B61F24F9-8B89-4DE3-9FA0-593ED79F67DB}"
EndProject
Project("{2150E333-8FDC-42A3-9474-1A3956D46DE8}") = "tests", "tests", "{78768DCD-5022-47D4-8E96-D7AE85C2E19F}"
EndProject
Project("{FAE04EC0-301F-11D3-BF4B-00C04F79EFBC}") = "UpdateKit.Core.Tests", "tests\UpdateKit.Core.Tests\UpdateKit.Core.Tests.csproj", "{6B32B5A2-A087-403C-94FB-3F3AC9285974}"
EndProject
Project("{FAE04EC0-301F-11D3-BF4B-00C04F79EFBC}") = "UpdateKit.WinForms.Tests", "tests\UpdateKit.WinForms.Tests\UpdateKit.WinForms.Tests.csproj", "{AD81062D-1E8B-44AC-B7A1-751F8C83B8D2}"
EndProject
Global
	GlobalSection(SolutionConfigurationPlatforms) = preSolution
		Debug|Any CPU = Debug|Any CPU
		Release|Any CPU = Release|Any CPU
	EndGlobalSection
	GlobalSection(SolutionProperties) = preSolution
		HideSolutionNode = FALSE
	EndGlobalSection
	GlobalSection(ProjectConfigurationPlatforms) = postSolution
		{DCF5C945-DB79-40BE-9792-92FC31DF2DCC}.Debug|Any CPU.ActiveCfg = Debug|Any CPU
		{DCF5C945-DB79-40BE-9792-92FC31DF2DCC}.Debug|Any CPU.Build.0 = Debug|Any CPU
		{DCF5C945-DB79-40BE-9792-92FC31DF2DCC}.Release|Any CPU.ActiveCfg = Release|Any CPU
		{DCF5C945-DB79-40BE-9792-92FC31DF2DCC}.Release|Any CPU.Build.0 = Release|Any CPU
		{B61F24F9-8B89-4DE3-9FA0-593ED79F67DB}.Debug|Any CPU.ActiveCfg = Debug|Any CPU
		{B61F24F9-8B89-4DE3-9FA0-593ED79F67DB}.Debug|Any CPU.Build.0 = Debug|Any CPU
		{B61F24F9-8B89-4DE3-9FA0-593ED79F67DB}.Release|Any CPU.ActiveCfg = Release|Any CPU
		{B61F24F9-8B89-4DE3-9FA0-593ED79F67DB}.Release|Any CPU.Build.0 = Release|Any CPU
		{6B32B5A2-A087-403C-94FB-3F3AC9285974}.Debug|Any CPU.ActiveCfg = Debug|Any CPU
		{6B32B5A2-A087-403C-94FB-3F3AC9285974}.Debug|Any CPU.Build.0 = Debug|Any CPU
		{6B32B5A2-A087-403C-94FB-3F3AC9285974}.Release|Any CPU.ActiveCfg = Release|Any CPU
		{6B32B5A2-A087-403C-94FB-3F3AC9285974}.Release|Any CPU.Build.0 = Release|Any CPU
		{AD81062D-1E8B-44AC-B7A1-751F8C83B8D2}.Debug|Any CPU.ActiveCfg = Debug|Any CPU
		{AD81062D-1E8B-44AC-B7A1-751F8C83B8D2}.Debug|Any CPU.Build.0 = Debug|Any CPU
		{AD81062D-1E8B-44AC-B7A1-751F8C83B8D2}.Release|Any CPU.ActiveCfg = Release|Any CPU
		{AD81062D-1E8B-44AC-B7A1-751F8C83B8D2}.Release|Any CPU.Build.0 = Release|Any CPU
	EndGlobalSection
	GlobalSection(NestedProjects) = preSolution
		{DCF5C945-DB79-40BE-9792-92FC31DF2DCC} = {A1ECFF25-7216-4FB8-9A15-583AF05F6A65}
		{B61F24F9-8B89-4DE3-9FA0-593ED79F67DB} = {A1ECFF25-7216-4FB8-9A15-583AF05F6A65}
		{6B32B5A2-A087-403C-94FB-3F3AC9285974} = {78768DCD-5022-47D4-8E96-D7AE85C2E19F}
		{AD81062D-1E8B-44AC-B7A1-751F8C83B8D2} = {78768DCD-5022-47D4-8E96-D7AE85C2E19F}
	EndGlobalSection
EndGlobal
